// !$*UTF8*$!
{
	archiveVersion = 1;
	classes = {
	};
	objectVersion = 55;
	objects = {

/* Begin PBXBuildFile section */
		1A1A922028D10D9000ED648F /* Notes WatchKit App.app in Embed Watch Content */ = {isa = PBXBuildFile; fileRef = 1A1A921F28D10D9000ED648F /* Notes WatchKit App.app */; settings = {ATTRIBUTES = (RemoveHeadersOnCopy, ); }; };
		1A1A922528D10D9700ED648F /* Assets.xcassets in Resources */ = {isa = PBXBuildFile; fileRef = 1A1A922428D10D9700ED648F /* Assets.xcassets */; };
		1A1A922B28D10D9700ED648F /* Notes WatchKit Extension.appex in Embed App Extensions */ = {isa = PBXBuildFile; fileRef = 1A1A922A28D10D9700ED648F /* Notes WatchKit Extension.appex */; settings = {ATTRIBUTES = (RemoveHeadersOnCopy, ); }; };
		1A1A923028D10D9700ED648F /* ContentView.swift in Sources */ = {isa = PBXBuildFile; fileRef = 1A1A922F28D10D9700ED648F /* ContentView.swift */; };
		1A1A923228D10D9700ED648F /* NotesApp.swift in Sources */ = {isa = PBXBuildFile; fileRef = 1A1A923128D10D9700ED648F /* NotesApp.swift */; };
		1A1A923428D10D9700ED648F /* ComplicationController.swift in Sources */ = {isa = PBXBuildFile; fileRef = 1A1A923328D10D9700ED648F /* ComplicationController.swift */; };
		1A1A923628D10D9900ED648F /* Assets.xcassets in Resources */ = {isa = PBXBuildFile; fileRef = 1A1A923528D10D9900ED648F /* Assets.xcassets */; };
		1A1A923928D10D9900ED648F /* Preview Assets.xcassets in Resources */ = {isa = PBXBuildFile; fileRef = 1A1A923828D10D9900ED648F /* Preview Assets.xcassets */; };
		1A1A924D28D10FDC00ED648F /* Note.swift in Sources */ = {isa = PBXBuildFile; fileRef = 1A1A924C28D10FDC00ED648F /* Note.swift */; };
		1A1A924F28D672F800ED648F /* DetailView.swift in Sources */ = {isa = PBXBuildFile; fileRef = 1A1A924E28D672F800ED648F /* DetailView.swift */; };
		1A1A925128D6781700ED648F /* CreditsView.swift in Sources */ = {isa = PBXBuildFile; fileRef = 1A1A925028D6781700ED648F /* CreditsView.swift */; };
		1A1A925428D6787C00ED648F /* HeaderView.swift in Sources */ = {isa = PBXBuildFile; fileRef = 1A1A925328D6787C00ED648F /* HeaderView.swift */; };
		1A1A925628D67FF000ED648F /* SettingsView.swift in Sources */ = {isa = PBXBuildFile; fileRef = 1A1A925528D67FF000ED648F /* SettingsView.swift */; };
/* End PBXBuildFile section */

/* Begin PBXContainerItemProxy section */
		1A1A922128D10D9000ED648F /* PBXContainerItemProxy */ = {
			isa = PBXContainerItemProxy;
			containerPortal = 1A1A921528D10D8F00ED648F /* Project object */;
			proxyType = 1;
			remoteGlobalIDString = 1A1A921E28D10D9000ED648F;
			remoteInfo = "Notes WatchKit App";
		};
		1A1A922C28D10D9700ED648F /* PBXContainerItemProxy */ = {
			isa = PBXContainerItemProxy;
			containerPortal = 1A1A921528D10D8F00ED648F /* Project object */;
			proxyType = 1;
			remoteGlobalIDString = 1A1A922928D10D9700ED648F;
			remoteInfo = "Notes WatchKit Extension";
		};
/* End PBXContainerItemProxy section */

/* Begin PBXCopyFilesBuildPhase section */
		1A1A924028D10D9900ED648F /* Embed App Extensions */ = {
			isa = PBXCopyFilesBuildPhase;
			buildActionMask = 2147483647;
			dstPath = "";
			dstSubfolderSpec = 13;
			files = (
				1A1A922B28D10D9700ED648F /* Notes WatchKit Extension.appex in Embed App Extensions */,
			);
			name = "Embed App Extensions";
			runOnlyForDeploymentPostprocessing = 0;
		};
		1A1A924428D10D9900ED648F /* Embed Watch Content */ = {
			isa = PBXCopyFilesBuildPhase;
			buildActionMask = 2147483647;
			dstPath = "$(CONTENTS_FOLDER_PATH)/Watch";
			dstSubfolderSpec = 16;
			files = (
				1A1A922028D10D9000ED648F /* Notes WatchKit App.app in Embed Watch Content */,
			);
			name = "Embed Watch Content";
			runOnlyForDeploymentPostprocessing = 0;
		};
/* End PBXCopyFilesBuildPhase section */

/* Begin PBXFileReference section */
		1A1A921B28D10D9000ED648F /* Notes.app */ = {isa = PBXFileReference; explicitFileType = wrapper.application; includeInIndex = 0; path = Notes.app; sourceTree = BUILT_PRODUCTS_DIR; };
		1A1A921F28D10D9000ED648F /* Notes WatchKit App.app */ = {isa = PBXFileReference; explicitFileType = wrapper.application; includeInIndex = 0; path = "Notes WatchKit App.app"; sourceTree = BUILT_PRODUCTS_DIR; };
		1A1A922428D10D9700ED648F /* Assets.xcassets */ = {isa = PBXFileReference; lastKnownFileType = folder.assetcatalog; path = Assets.xcassets; sourceTree = "<group>"; };
		1A1A922A28D10D9700ED648F /* Notes WatchKit Extension.appex */ = {isa = PBXFileReference; explicitFileType = "wrapper.app-extension"; includeInIndex = 0; path = "Notes WatchKit Extension.appex"; sourceTree = BUILT_PRODUCTS_DIR; };
		1A1A922F28D10D9700ED648F /* ContentView.swift */ = {isa = PBXFileReference; lastKnownFileType = sourcecode.swift; path = ContentView.swift; sourceTree = "<group>"; };
		1A1A923128D10D9700ED648F /* NotesApp.swift */ = {isa = PBXFileReference; lastKnownFileType = sourcecode.swift; path = NotesApp.swift; sourceTree = "<group>"; };
		1A1A923328D10D9700ED648F /* ComplicationController.swift */ = {isa = PBXFileReference; lastKnownFileType = sourcecode.swift; path = ComplicationController.swift; sourceTree = "<group>"; };
		1A1A923528D10D9900ED648F /* Assets.xcassets */ = {isa = PBXFileReference; lastKnownFileType = folder.assetcatalog; path = Assets.xcassets; sourceTree = "<group>"; };
		1A1A923828D10D9900ED648F /* Preview Assets.xcassets */ = {isa = PBXFileReference; lastKnownFileType = folder.assetcatalog; path = "Preview Assets.xcassets"; sourceTree = "<group>"; };
		1A1A923A28D10D9900ED648F /* Info.plist */ = {isa = PBXFileReference; lastKnownFileType = text.plist.xml; path = Info.plist; sourceTree = "<group>"; };
		1A1A924C28D10FDC00ED648F /* Note.swift */ = {isa = PBXFileReference; lastKnownFileType = sourcecode.swift; path = Note.swift; sourceTree = "<group>"; };
		1A1A924E28D672F800ED648F /* DetailView.swift */ = {isa = PBXFileReference; lastKnownFileType = sourcecode.swift; path = DetailView.swift; sourceTree = "<group>"; };
		1A1A925028D6781700ED648F /* CreditsView.swift */ = {isa = PBXFileReference; lastKnownFileType = sourcecode.swift; path = CreditsView.swift; sourceTree = "<group>"; };
		1A1A925328D6787C00ED648F /* HeaderView.swift */ = {isa = PBXFileReference; lastKnownFileType = sourcecode.swift; path = HeaderView.swift; sourceTree = "<group>"; };
		1A1A925528D67FF000ED648F /* SettingsView.swift */ = {isa = PBXFileReference; lastKnownFileType = sourcecode.swift; path = SettingsView.swift; sourceTree = "<group>"; };
/* End PBXFileReference section */

/* Begin PBXFrameworksBuildPhase section */
		1A1A922728D10D9700ED648F /* Frameworks */ = {
			isa = PBXFrameworksBuildPhase;
			buildActionMask = 2147483647;
			files = (
			);
			runOnlyForDeploymentPostprocessing = 0;
		};
/* End PBXFrameworksBuildPhase section */

/* Begin PBXGroup section */
		1A1A921428D10D8F00ED648F = {
			isa = PBXGroup;
			children = (
				1A1A922328D10D9000ED648F /* Notes WatchKit App */,
				1A1A922E28D10D9700ED648F /* Notes WatchKit Extension */,
				1A1A921C28D10D9000ED648F /* Products */,
			);
			sourceTree = "<group>";
		};
		1A1A921C28D10D9000ED648F /* Products */ = {
			isa = PBXGroup;
			children = (
				1A1A921B28D10D9000ED648F /* Notes.app */,
				1A1A921F28D10D9000ED648F /* Notes WatchKit App.app */,
				1A1A922A28D10D9700ED648F /* Notes WatchKit Extension.appex */,
			);
			name = Products;
			sourceTree = "<group>";
		};
		1A1A922328D10D9000ED648F /* Notes WatchKit App */ = {
			isa = PBXGroup;
			children = (
				1A1A922428D10D9700ED648F /* Assets.xcassets */,
			);
			path = "Notes WatchKit App";
			sourceTree = "<group>";
		};
		1A1A922E28D10D9700ED648F /* Notes WatchKit Extension */ = {
			isa = PBXGroup;
			children = (
				1A1A925228D6785C00ED648F /* Component */,
				1A1A924928D10FAC00ED648F /* View */,
				1A1A924828D10FA400ED648F /* Model */,
				1A1A923128D10D9700ED648F /* NotesApp.swift */,
				1A1A923328D10D9700ED648F /* ComplicationController.swift */,
				1A1A923528D10D9900ED648F /* Assets.xcassets */,
				1A1A923A28D10D9900ED648F /* Info.plist */,
				1A1A923728D10D9900ED648F /* Preview Content */,
			);
			path = "Notes WatchKit Extension";
			sourceTree = "<group>";
		};
		1A1A923728D10D9900ED648F /* Preview Content */ = {
			isa = PBXGroup;
			children = (
				1A1A923828D10D9900ED648F /* Preview Assets.xcassets */,
			);
			path = "Preview Content";
			sourceTree = "<group>";
		};
		1A1A924828D10FA400ED648F /* Model */ = {
			isa = PBXGroup;
			children = (
				1A1A924C28D10FDC00ED648F /* Note.swift */,
			);
			path = Model;
			sourceTree = "<group>";
		};
		1A1A924928D10FAC00ED648F /* View */ = {
			isa = PBXGroup;
			children = (
				1A1A922F28D10D9700ED648F /* ContentView.swift */,
				1A1A924E28D672F800ED648F /* DetailView.swift */,
				1A1A925028D6781700ED648F /* CreditsView.swift */,
				1A1A925528D67FF000ED648F /* SettingsView.swift */,
			);
			path = View;
			sourceTree = "<group>";
		};
		1A1A925228D6785C00ED648F /* Component */ = {
			isa = PBXGroup;
			children = (
				1A1A925328D6787C00ED648F /* HeaderView.swift */,
			);
			path = Component;
			sourceTree = "<group>";
		};
/* End PBXGroup section */

/* Begin PBXNativeTarget section */
		1A1A921A28D10D9000ED648F /* Notes */ = {
			isa = PBXNativeTarget;
			buildConfigurationList = 1A1A924528D10D9900ED648F /* Build configuration list for PBXNativeTarget "Notes" */;
			buildPhases = (
				1A1A921928D10D9000ED648F /* Resources */,
				1A1A924428D10D9900ED648F /* Embed Watch Content */,
			);
			buildRules = (
			);
			dependencies = (
				1A1A922228D10D9000ED648F /* PBXTargetDependency */,
			);
			name = Notes;
			productName = Notes;
			productReference = 1A1A921B28D10D9000ED648F /* Notes.app */;
			productType = "com.apple.product-type.application.watchapp2-container";
		};
		1A1A921E28D10D9000ED648F /* Notes WatchKit App */ = {
			isa = PBXNativeTarget;
			buildConfigurationList = 1A1A924128D10D9900ED648F /* Build configuration list for PBXNativeTarget "Notes WatchKit App" */;
			buildPhases = (
				1A1A921D28D10D9000ED648F /* Resources */,
				1A1A924028D10D9900ED648F /* Embed App Extensions */,
			);
			buildRules = (
			);
			dependencies = (
				1A1A922D28D10D9700ED648F /* PBXTargetDependency */,
			);
			name = "Notes WatchKit App";
			productName = "Notes WatchKit App";
			productReference = 1A1A921F28D10D9000ED648F /* Notes WatchKit App.app */;
			productType = "com.apple.product-type.application.watchapp2";
		};
		1A1A922928D10D9700ED648F /* Notes WatchKit Extension */ = {
			isa = PBXNativeTarget;
			buildConfigurationList = 1A1A923D28D10D9900ED648F /* Build configuration list for PBXNativeTarget "Notes WatchKit Extension" */;
			buildPhases = (
				1A1A922628D10D9700ED648F /* Sources */,
				1A1A922728D10D9700ED648F /* Frameworks */,
				1A1A922828D10D9700ED648F /* Resources */,
			);
			buildRules = (
			);
			dependencies = (
			);
			name = "Notes WatchKit Extension";
			productName = "Notes WatchKit Extension";
			productReference = 1A1A922A28D10D9700ED648F /* Notes WatchKit Extension.appex */;
			productType = "com.apple.product-type.watchkit2-extension";
		};
/* End PBXNativeTarget section */

/* Begin PBXProject section */
		1A1A921528D10D8F00ED648F /* Project object */ = {
			isa = PBXProject;
			attributes = {
				BuildIndependentTargetsInParallel = 1;
				LastSwiftUpdateCheck = 1340;
				LastUpgradeCheck = 1340;
				TargetAttributes = {
					1A1A921A28D10D9000ED648F = {
						CreatedOnToolsVersion = 13.4.1;
					};
					1A1A921E28D10D9000ED648F = {
						CreatedOnToolsVersion = 13.4.1;
					};
					1A1A922928D10D9700ED648F = {
						CreatedOnToolsVersion = 13.4.1;
					};
				};
			};
			buildConfigurationList = 1A1A921828D10D9000ED648F /* Build configuration list for PBXProject "Notes" */;
			compatibilityVersion = "Xcode 13.0";
			developmentRegion = en;
			hasScannedForEncodings = 0;
			knownRegions = (
				en,
				Base,
			);
			mainGroup = 1A1A921428D10D8F00ED648F;
			productRefGroup = 1A1A921C28D10D9000ED648F /* Products */;
			projectDirPath = "";
			projectRoot = "";
			targets = (
				1A1A921A28D10D9000ED648F /* Notes */,
				1A1A921E28D10D9000ED648F /* Notes WatchKit App */,
				1A1A922928D10D9700ED648F /* Notes WatchKit Extension */,
			);
		};
/* End PBXProject section */

/* Begin PBXResourcesBuildPhase section */
		1A1A921928D10D9000ED648F /* Resources */ = {
			isa = PBXResourcesBuildPhase;
			buildActionMask = 2147483647;
			files = (
			);
			runOnlyForDeploymentPostprocessing = 0;
		};
		1A1A921D28D10D9000ED648F /* Resources */ = {
			isa = PBXResourcesBuildPhase;
			buildActionMask = 2147483647;
			files = (
				1A1A922528D10D9700ED648F /* Assets.xcassets in Resources */,
			);
			runOnlyForDeploymentPostprocessing = 0;
		};
		1A1A922828D10D9700ED648F /* Resources */ = {
			isa = PBXResourcesBuildPhase;
			buildActionMask = 2147483647;
			files = (
				1A1A923928D10D9900ED648F /* Preview Assets.xcassets in Resources */,
				1A1A923628D10D9900ED648F /* Assets.xcassets in Resources */,
			);
			runOnlyForDeploymentPostprocessing = 0;
		};
/* End PBXResourcesBuildPhase section */

/* Begin PBXSourcesBuildPhase section */
		1A1A922628D10D9700ED648F /* Sources */ = {
			isa = PBXSourcesBuildPhase;
			buildActionMask = 2147483647;
			files = (
				1A1A923028D10D9700ED648F /* ContentView.swift in Sources */,
				1A1A925628D67FF000ED648F /* SettingsView.swift in Sources */,
				1A1A923228D10D9700ED648F /* NotesApp.swift in Sources */,
				1A1A923428D10D9700ED648F /* ComplicationController.swift in Sources */,
				1A1A925128D6781700ED648F /* CreditsView.swift in Sources */,
				1A1A924F28D672F800ED648F /* DetailView.swift in Sources */,
				1A1A924D28D10FDC00ED648F /* Note.swift in Sources */,
				1A1A925428D6787C00ED648F /* HeaderView.swift in Sources */,
			);
			runOnlyForDeploymentPostprocessing = 0;
		};
/* End PBXSourcesBuildPhase section */

/* Begin PBXTargetDependency section */
		1A1A922228D10D9000ED648F /* PBXTargetDependency */ = {
			isa = PBXTargetDependency;
			target = 1A1A921E28D10D9000ED648F /* Notes WatchKit App */;
			targetProxy = 1A1A922128D10D9000ED648F /* PBXContainerItemProxy */;
		};
		1A1A922D28D10D9700ED648F /* PBXTargetDependency */ = {
			isa = PBXTargetDependency;
			target = 1A1A922928D10D9700ED648F /* Notes WatchKit Extension */;
			targetProxy = 1A1A922C28D10D9700ED648F /* PBXContainerItemProxy */;
		};
/* End PBXTargetDependency section */

/* Begin XCBuildConfiguration section */
		1A1A923B28D10D9900ED648F /* Debug */ = {
			isa = XCBuildConfiguration;
			buildSettings = {
				ALWAYS_SEARCH_USER_PATHS = NO;
				CLANG_ANALYZER_NONNULL = YES;
				CLANG_ANALYZER_NUMBER_OBJECT_CONVERSION = YES_AGGRESSIVE;
				CLANG_CXX_LANGUAGE_STANDARD = "gnu++17";
				CLANG_ENABLE_MODULES = YES;
				CLANG_ENABLE_OBJC_ARC = YES;
				CLANG_ENABLE_OBJC_WEAK = YES;
				CLANG_WARN_BLOCK_CAPTURE_AUTORELEASING = YES;
				CLANG_WARN_BOOL_CONVERSION = YES;
				CLANG_WARN_COMMA = YES;
				CLANG_WARN_CONSTANT_CONVERSION = YES;
				CLANG_WARN_DEPRECATED_OBJC_IMPLEMENTATIONS = YES;
				CLANG_WARN_DIRECT_OBJC_ISA_USAGE = YES_ERROR;
				CLANG_WARN_DOCUMENTATION_COMMENTS = YES;
				CLANG_WARN_EMPTY_BODY = YES;
				CLANG_WARN_ENUM_CONVERSION = YES;
				CLANG_WARN_INFINITE_RECURSION = YES;
				CLANG_WARN_INT_CONVERSION = YES;
				CLANG_WARN_NON_LITERAL_NULL_CONVERSION = YES;
				CLANG_WARN_OBJC_IMPLICIT_RETAIN_SELF = YES;
				CLANG_WARN_OBJC_LITERAL_CONVERSION = YES;
				CLANG_WARN_OBJC_ROOT_CLASS = YES_ERROR;
				CLANG_WARN_QUOTED_INCLUDE_IN_FRAMEWORK_HEADER = YES;
				CLANG_WARN_RANGE_LOOP_ANALYSIS = YES;
				CLANG_WARN_STRICT_PROTOTYPES = YES;
				CLANG_WARN_SUSPICIOUS_MOVE = YES;
				CLANG_WARN_UNGUARDED_AVAILABILITY = YES_AGGRESSIVE;
				CLANG_WARN_UNREACHABLE_CODE = YES;
				CLANG_WARN__DUPLICATE_METHOD_MATCH = YES;
				COPY_PHASE_STRIP = NO;
				DEBUG_INFORMATION_FORMAT = dwarf;
				ENABLE_STRICT_OBJC_MSGSEND = YES;
				ENABLE_TESTABILITY = YES;
				GCC_C_LANGUAGE_STANDARD = gnu11;
				GCC_DYNAMIC_NO_PIC = NO;
				GCC_NO_COMMON_BLOCKS = YES;
				GCC_OPTIMIZATION_LEVEL = 0;
				GCC_PREPROCESSOR_DEFINITIONS = (
					"DEBUG=1",
					"$(inherited)",
				);
				GCC_WARN_64_TO_32_BIT_CONVERSION = YES;
				GCC_WARN_ABOUT_RETURN_TYPE = YES_ERROR;
				GCC_WARN_UNDECLARED_SELECTOR = YES;
				GCC_WARN_UNINITIALIZED_AUTOS = YES_AGGRESSIVE;
				GCC_WARN_UNUSED_FUNCTION = YES;
				GCC_WARN_UNUSED_VARIABLE = YES;
				MTL_ENABLE_DEBUG_INFO = INCLUDE_SOURCE;
				MTL_FAST_MATH = YES;
				ONLY_ACTIVE_ARCH = YES;
				SDKROOT = iphoneos;
				SWIFT_ACTIVE_COMPILATION_CONDITIONS = DEBUG;
				SWIFT_OPTIMIZATION_LEVEL = "-Onone";
			};
			name = Debug;
		};
		1A1A923C28D10D9900ED648F /* Release */ = {
			isa = XCBuildConfiguration;
			buildSettings = {
				ALWAYS_SEARCH_USER_PATHS = NO;
				CLANG_ANALYZER_NONNULL = YES;
				CLANG_ANALYZER_NUMBER_OBJECT_CONVERSION = YES_AGGRESSIVE;
				CLANG_CXX_LANGUAGE_STANDARD = "gnu++17";
				CLANG_ENABLE_MODULES = YES;
				CLANG_ENABLE_OBJC_ARC = YES;
				CLANG_ENABLE_OBJC_WEAK = YES;
				CLANG_WARN_BLOCK_CAPTURE_AUTORELEASING = YES;
				CLANG_WARN_BOOL_CONVERSION = YES;
				CLANG_WARN_COMMA = YES;
				CLANG_WARN_CONSTANT_CONVERSION = YES;
				CLANG_WARN_DEPRECATED_OBJC_IMPLEMENTATIONS = YES;
				CLANG_WARN_DIRECT_OBJC_ISA_USAGE = YES_ERROR;
				CLANG_WARN_DOCUMENTATION_COMMENTS = YES;
				CLANG_WARN_EMPTY_BODY = YES;
				CLANG_WARN_ENUM_CONVERSION = YES;
				CLANG_WARN_INFINITE_RECURSION = YES;
				CLANG_WARN_INT_CONVERSION = YES;
				CLANG_WARN_NON_LITERAL_NULL_CONVERSION = YES;
				CLANG_WARN_OBJC_IMPLICIT_RETAIN_SELF = YES;
				CLANG_WARN_OBJC_LITERAL_CONVERSION = YES;
				CLANG_WARN_OBJC_ROOT_CLASS = YES_ERROR;
				CLANG_WARN_QUOTED_INCLUDE_IN_FRAMEWORK_HEADER = YES;
				CLANG_WARN_RANGE_LOOP_ANALYSIS = YES;
				CLANG_WARN_STRICT_PROTOTYPES = YES;
				CLANG_WARN_SUSPICIOUS_MOVE = YES;
				CLANG_WARN_UNGUARDED_AVAILABILITY = YES_AGGRESSIVE;
				CLANG_WARN_UNREACHABLE_CODE = YES;
				CLANG_WARN__DUPLICATE_METHOD_MATCH = YES;
				COPY_PHASE_STRIP = NO;
				DEBUG_INFORMATION_FORMAT = "dwarf-with-dsym";
				ENABLE_NS_ASSERTIONS = NO;
				ENABLE_STRICT_OBJC_MSGSEND = YES;
				GCC_C_LANGUAGE_STANDARD = gnu11;
				GCC_NO_COMMON_BLOCKS = YES;
				GCC_WARN_64_TO_32_BIT_CONVERSION = YES;
				GCC_WARN_ABOUT_RETURN_TYPE = YES_ERROR;
				GCC_WARN_UNDECLARED_SELECTOR = YES;
				GCC_WARN_UNINITIALIZED_AUTOS = YES_AGGRESSIVE;
				GCC_WARN_UNUSED_FUNCTION = YES;
				GCC_WARN_UNUSED_VARIABLE = YES;
				MTL_ENABLE_DEBUG_INFO = NO;
				MTL_FAST_MATH = YES;
				SDKROOT = iphoneos;
				SWIFT_COMPILATION_MODE = wholemodule;
				SWIFT_OPTIMIZATION_LEVEL = "-O";
				VALIDATE_PRODUCT = YES;
			};
			name = Release;
		};
		1A1A923E28D10D9900ED648F /* Debug */ = {
			isa = XCBuildConfiguration;
			buildSettings = {
				ASSETCATALOG_COMPILER_COMPLICATION_NAME = Complication;
				CODE_SIGN_STYLE = Automatic;
				CURRENT_PROJECT_VERSION = 1;
				DEVELOPMENT_ASSET_PATHS = "\"Notes WatchKit Extension/Preview Content\"";
				DEVELOPMENT_TEAM = 952Z93RQ2X;
				ENABLE_PREVIEWS = YES;
				GENERATE_INFOPLIST_FILE = YES;
				INFOPLIST_FILE = "Notes WatchKit Extension/Info.plist";
				INFOPLIST_KEY_CFBundleDisplayName = "Notes WatchKit Extension";
				INFOPLIST_KEY_CLKComplicationPrincipalClass = "$(PRODUCT_MODULE_NAME).ComplicationController";
				INFOPLIST_KEY_NSHumanReadableCopyright = "";
				INFOPLIST_KEY_WKWatchOnly = YES;
				LD_RUNPATH_SEARCH_PATHS = (
					"$(inherited)",
					"@executable_path/Frameworks",
					"@executable_path/../../Frameworks",
				);
				MARKETING_VERSION = 1.0;
				PRODUCT_BUNDLE_IDENTIFIER = JersyFernandes.Notes.watchkitapp.watchkitextension;
				PRODUCT_NAME = "${TARGET_NAME}";
				SDKROOT = watchos;
				SKIP_INSTALL = YES;
				SWIFT_EMIT_LOC_STRINGS = YES;
				SWIFT_VERSION = 5.0;
				TARGETED_DEVICE_FAMILY = 4;
				WATCHOS_DEPLOYMENT_TARGET = 8.5;
			};
			name = Debug;
		};
		1A1A923F28D10D9900ED648F /* Release */ = {
			isa = XCBuildConfiguration;
			buildSettings = {
				ASSETCATALOG_COMPILER_COMPLICATION_NAME = Complication;
				CODE_SIGN_STYLE = Automatic;
				CURRENT_PROJECT_VERSION = 1;
				DEVELOPMENT_ASSET_PATHS = "\"Notes WatchKit Extension/Preview Content\"";
				DEVELOPMENT_TEAM = 952Z93RQ2X;
				ENABLE_PREVIEWS = YES;
				GENERATE_INFOPLIST_FILE = YES;
				INFOPLIST_FILE = "Notes WatchKit Extension/Info.plist";
				INFOPLIST_KEY_CFBundleDisplayName = "Notes WatchKit Extension";
				INFOPLIST_KEY_CLKComplicationPrincipalClass = "$(PRODUCT_MODULE_NAME).ComplicationController";
				INFOPLIST_KEY_NSHumanReadableCopyright = "";
				INFOPLIST_KEY_WKWatchOnly = YES;
				LD_RUNPATH_SEARCH_PATHS = (
					"$(inherited)",
					"@executable_path/Frameworks",
					"@executable_path/../../Frameworks",
				);
				MARKETING_VERSION = 1.0;
				PRODUCT_BUNDLE_IDENTIFIER = JersyFernandes.Notes.watchkitapp.watchkitextension;
				PRODUCT_NAME = "${TARGET_NAME}";
				SDKROOT = watchos;
				SKIP_INSTALL = YES;
				SWIFT_EMIT_LOC_STRINGS = YES;
				SWIFT_VERSION = 5.0;
				TARGETED_DEVICE_FAMILY = 4;
				WATCHOS_DEPLOYMENT_TARGET = 8.5;
			};
			name = Release;
		};
		1A1A924228D10D9900ED648F /* Debug */ = {
			isa = XCBuildConfiguration;
			buildSettings = {
				ALWAYS_EMBED_SWIFT_STANDARD_LIBRARIES = YES;
				ASSETCATALOG_COMPILER_APPICON_NAME = AppIcon;
				ASSETCATALOG_COMPILER_GLOBAL_ACCENT_COLOR_NAME = AccentColor;
				CODE_SIGN_STYLE = Automatic;
				CURRENT_PROJECT_VERSION = 1;
				DEVELOPMENT_TEAM = 952Z93RQ2X;
				GENERATE_INFOPLIST_FILE = YES;
				IBSC_MODULE = Notes_WatchKit_Extension;
				INFOPLIST_KEY_CFBundleDisplayName = "Notes WatchKit App";
				INFOPLIST_KEY_UISupportedInterfaceOrientations = "UIInterfaceOrientationPortrait UIInterfaceOrientationPortraitUpsideDown";
				MARKETING_VERSION = 1.0;
				PRODUCT_BUNDLE_IDENTIFIER = JersyFernandes.Notes.watchkitapp;
				PRODUCT_NAME = "$(TARGET_NAME)";
				SDKROOT = watchos;
				SKIP_INSTALL = YES;
				SWIFT_EMIT_LOC_STRINGS = YES;
				SWIFT_VERSION = 5.0;
				TARGETED_DEVICE_FAMILY = 4;
				WATCHOS_DEPLOYMENT_TARGET = 8.5;
			};
			name = Debug;
		};
		1A1A924328D10D9900ED648F /* Release */ = {
			isa = XCBuildConfiguration;
			buildSettings = {
				ALWAYS_EMBED_SWIFT_STANDARD_LIBRARIES = YES;
				ASSETCATALOG_COMPILER_APPICON_NAME = AppIcon;
				ASSETCATALOG_COMPILER_GLOBAL_ACCENT_COLOR_NAME = AccentColor;
				CODE_SIGN_STYLE = Automatic;
				CURRENT_PROJECT_VERSION = 1;
				DEVELOPMENT_TEAM = 952Z93RQ2X;
				GENERATE_INFOPLIST_FILE = YES;
				IBSC_MODULE = Notes_WatchKit_Extension;
				INFOPLIST_KEY_CFBundleDisplayName = "Notes WatchKit App";
				INFOPLIST_KEY_UISupportedInterfaceOrientations = "UIInterfaceOrientationPortrait UIInterfaceOrientationPortraitUpsideDown";
				MARKETING_VERSION = 1.0;
				PRODUCT_BUNDLE_IDENTIFIER = JersyFernandes.Notes.watchkitapp;
				PRODUCT_NAME = "$(TARGET_NAME)";
				SDKROOT = watchos;
				SKIP_INSTALL = YES;
				SWIFT_EMIT_LOC_STRINGS = YES;
				SWIFT_VERSION = 5.0;
				TARGETED_DEVICE_FAMILY = 4;
				WATCHOS_DEPLOYMENT_TARGET = 8.5;
			};
			name = Release;
		};
		1A1A924628D10D9900ED648F /* Debug */ = {
			isa = XCBuildConfiguration;
			buildSettings = {
				CODE_SIGN_STYLE = Automatic;
				CURRENT_PROJECT_VERSION = 1;
				DEVELOPMENT_TEAM = 952Z93RQ2X;
				MARKETING_VERSION = 1.0;
				PRODUCT_BUNDLE_IDENTIFIER = JersyFernandes.Notes;
				PRODUCT_NAME = "$(TARGET_NAME)";
				SWIFT_VERSION = 5.0;
			};
			name = Debug;
		};
		1A1A924728D10D9900ED648F /* Release */ = {
			isa = XCBuildConfiguration;
			buildSettings = {
				CODE_SIGN_STYLE = Automatic;
				CURRENT_PROJECT_VERSION = 1;
				DEVELOPMENT_TEAM = 952Z93RQ2X;
				MARKETING_VERSION = 1.0;
				PRODUCT_BUNDLE_IDENTIFIER = JersyFernandes.Notes;
				PRODUCT_NAME = "$(TARGET_NAME)";
				SWIFT_VERSION = 5.0;
			};
			name = Release;
		};
/* End XCBuildConfiguration section */

/* Begin XCConfigurationList section */
		1A1A921828D10D9000ED648F /* Build configuration list for PBXProject "Notes" */ = {
			isa = XCConfigurationList;
			buildConfigurations = (
				1A1A923B28D10D9900ED648F /* Debug */,
				1A1A923C28D10D9900ED648F /* Release */,
			);
			defaultConfigurationIsVisible = 0;
			defaultConfigurationName = Release;
		};
		1A1A923D28D10D9900ED648F /* Build configuration list for PBXNativeTarget "Notes WatchKit Extension" */ = {
			isa = XCConfigurationList;
			buildConfigurations = (
				1A1A923E28D10D9900ED648F /* Debug */,
				1A1A923F28D10D9900ED648F /* Release */,
			);
			defaultConfigurationIsVisible = 0;
			defaultConfigurationName = Release;
		};
		1A1A924128D10D9900ED648F /* Build configuration list for PBXNativeTarget "Notes WatchKit App" */ = {
			isa = XCConfigurationList;
			buildConfigurations = (
				1A1A924228D10D9900ED648F /* Debug */,
				1A1A924328D10D9900ED648F /* Release */,
			);
			defaultConfigurationIsVisible = 0;
			defaultConfigurationName = Release;
		};
		1A1A924528D10D9900ED648F /* Build configuration list for PBXNativeTarget "Notes" */ = {
			isa = XCConfigurationList;
			buildConfigurations = (
				1A1A924628D10D9900ED648F /* Debug */,
				1A1A924728D10D9900ED648F /* Release */,
			);
			defaultConfigurationIsVisible = 0;
			defaultConfigurationName = Release;
		};
/* End XCConfigurationList section */
	};
	rootObject = 1A1A921528D10D8F00ED648F /* Project object */;
}
